// !$*UTF8*$!
{
	archiveVersion = 1;
	classes = {
	};
	objectVersion = 46;
	objects = {

/* Begin PBXBuildFile section */
		4C6C18D81C5FBEBB004BC666 /* AppDelegate.swift in Sources */ = {isa = PBXBuildFile; fileRef = 4C6C18D71C5FBEBB004BC666 /* AppDelegate.swift */; };
		4C6C18DA1C5FBEBB004BC666 /* ViewController.swift in Sources */ = {isa = PBXBuildFile; fileRef = 4C6C18D91C5FBEBB004BC666 /* ViewController.swift */; };
		4C6C18DD1C5FBEBB004BC666 /* Main.storyboard in Resources */ = {isa = PBXBuildFile; fileRef = 4C6C18DB1C5FBEBB004BC666 /* Main.storyboard */; };
		4C6C18DF1C5FBEBB004BC666 /* Assets.xcassets in Resources */ = {isa = PBXBuildFile; fileRef = 4C6C18DE1C5FBEBB004BC666 /* Assets.xcassets */; };
		4C6C18E21C5FBEBB004BC666 /* LaunchScreen.storyboard in Resources */ = {isa = PBXBuildFile; fileRef = 4C6C18E01C5FBEBB004BC666 /* LaunchScreen.storyboard */; };
/* End PBXBuildFile section */

/* Begin PBXFileReference section */
		4C6C18D41C5FBEBB004BC666 /* SuperHeroPedia.app */ = {isa = PBXFileReference; explicitFileType = wrapper.application; includeInIndex = 0; path = SuperHeroPedia.app; sourceTree = BUILT_PRODUCTS_DIR; };
		4C6C18D71C5FBEBB004BC666 /* AppDelegate.swift */ = {isa = PBXFileReference; lastKnownFileType = sourcecode.swift; path = AppDelegate.swift; sourceTree = "<group>"; };
		4C6C18D91C5FBEBB004BC666 /* ViewController.swift */ = {isa = PBXFileReference; lastKnownFileType = sourcecode.swift; path = ViewController.swift; sourceTree = "<group>"; };
		4C6C18DC1C5FBEBB004BC666 /* Base */ = {isa = PBXFileReference; lastKnownFileType = file.storyboard; name = Base; path = Base.lproj/Main.storyboard; sourceTree = "<group>"; };
		4C6C18DE1C5FBEBB004BC666 /* Assets.xcassets */ = {isa = PBXFileReference; lastKnownFileType = folder.assetcatalog; path = Assets.xcassets; sourceTree = "<group>"; };
		4C6C18E11C5FBEBB004BC666 /* Base */ = {isa = PBXFileReference; lastKnownFileType = file.storyboard; name = Base; path = Base.lproj/LaunchScreen.storyboard; sourceTree = "<group>"; };
		4C6C18E31C5FBEBB004BC666 /* Info.plist */ = {isa = PBXFileReference; lastKnownFileType = text.plist.xml; path = Info.plist; sourceTree = "<group>"; };
/* End PBXFileReference section */

/* Begin PBXFrameworksBuildPhase section */
		4C6C18D11C5FBEBB004BC666 /* Frameworks */ = {
			isa = PBXFrameworksBuildPhase;
			buildActionMask = 2147483647;
			files = (
			);
			runOnlyForDeploymentPostprocessing = 0;
		};
/* End PBXFrameworksBuildPhase section */

/* Begin PBXGroup section */
		4C6C18CB1C5FBEBB004BC666 = {
			isa = PBXGroup;
			children = (
				4C6C18D61C5FBEBB004BC666 /* SuperHeroPedia */,
				4C6C18D51C5FBEBB004BC666 /* Products */,
			);
			sourceTree = "<group>";
		};
		4C6C18D51C5FBEBB004BC666 /* Products */ = {
			isa = PBXGroup;
			children = (
				4C6C18D41C5FBEBB004BC666 /* SuperHeroPedia.app */,
			);
			name = Products;
			sourceTree = "<group>";
		};
		4C6C18D61C5FBEBB004BC666 /* SuperHeroPedia */ = {
			isa = PBXGroup;
			children = (
				4C6C18D71C5FBEBB004BC666 /* AppDelegate.swift */,
				4C6C18D91C5FBEBB004BC666 /* ViewController.swift */,
				4C6C18DB1C5FBEBB004BC666 /* Main.storyboard */,
				4C6C18DE1C5FBEBB004BC666 /* Assets.xcassets */,
				4C6C18E01C5FBEBB004BC666 /* LaunchScreen.storyboard */,
				4C6C18E31C5FBEBB004BC666 /* Info.plist */,
			);
			path = SuperHeroPedia;
			sourceTree = "<group>";
		};
/* End PBXGroup section */

/* Begin PBXNativeTarget section */
		4C6C18D31C5FBEBB004BC666 /* SuperHeroPedia */ = {
			isa = PBXNativeTarget;
			buildConfigurationList = 4C6C18E61C5FBEBB004BC666 /* Build configuration list for PBXNativeTarget "SuperHeroPedia" */;
			buildPhases = (
				4C6C18D01C5FBEBB004BC666 /* Sources */,
				4C6C18D11C5FBEBB004BC666 /* Frameworks */,
				4C6C18D21C5FBEBB004BC666 /* Resources */,
			);
			buildRules = (
			);
			dependencies = (
			);
			name = SuperHeroPedia;
			productName = SuperHeroPedia;
			productReference = 4C6C18D41C5FBEBB004BC666 /* SuperHeroPedia.app */;
			productType = "com.apple.product-type.application";
		};
/* End PBXNativeTarget section */

/* Begin PBXProject section */
		4C6C18CC1C5FBEBB004BC666 /* Project object */ = {
			isa = PBXProject;
			attributes = {
				LastSwiftUpdateCheck = 0720;
				LastUpgradeCheck = 0720;
				ORGANIZATIONNAME = "Jonathan Kilgore";
				TargetAttributes = {
					4C6C18D31C5FBEBB004BC666 = {
						CreatedOnToolsVersion = 7.2;
						DevelopmentTeam = 8RSU547VL3;
					};
				};
			};
			buildConfigurationList = 4C6C18CF1C5FBEBB004BC666 /* Build configuration list for PBXProject "SuperHeroPedia" */;
			compatibilityVersion = "Xcode 3.2";
			developmentRegion = English;
			hasScannedForEncodings = 0;
			knownRegions = (
				en,
				Base,
			);
			mainGroup = 4C6C18CB1C5FBEBB004BC666;
			productRefGroup = 4C6C18D51C5FBEBB004BC666 /* Products */;
			projectDirPath = "";
			projectRoot = "";
			targets = (
				4C6C18D31C5FBEBB004BC666 /* SuperHeroPedia */,
			);
		};
/* End PBXProject section */

/* Begin PBXResourcesBuildPhase section */
		4C6C18D21C5FBEBB004BC666 /* Resources */ = {
			isa = PBXResourcesBuildPhase;
			buildActionMask = 2147483647;
			files = (
				4C6C18E21C5FBEBB004BC666 /* LaunchScreen.storyboard in Resources */,
				4C6C18DF1C5FBEBB004BC666 /* Assets.xcassets in Resources */,
				4C6C18DD1C5FBEBB004BC666 /* Main.storyboard in Resources */,
			);
			runOnlyForDeploymentPostprocessing = 0;
		};
/* End PBXResourcesBuildPhase section */

/* Begin PBXSourcesBuildPhase section */
		4C6C18D01C5FBEBB004BC666 /* Sources */ = {
			isa = PBXSourcesBuildPhase;
			buildActionMask = 2147483647;
			files = (
				4C6C18DA1C5FBEBB004BC666 /* ViewController.swift in Sources */,
				4C6C18D81C5FBEBB004BC666 /* AppDelegate.swift in Sources */,
			);
			runOnlyForDeploymentPostprocessing = 0;
		};
/* End PBXSourcesBuildPhase section */

/* Begin PBXVariantGroup section */
		4C6C18DB1C5FBEBB004BC666 /* Main.storyboard */ = {
			isa = PBXVariantGroup;
			children = (
				4C6C18DC1C5FBEBB004BC666 /* Base */,
			);
			name = Main.storyboard;
			sourceTree = "<group>";
		};
		4C6C18E01C5FBEBB004BC666 /* LaunchScreen.storyboard */ = {
			isa = PBXVariantGroup;
			children = (
				4C6C18E11C5FBEBB004BC666 /* Base */,
			);
			name = LaunchScreen.storyboard;
			sourceTree = "<group>";
		};
/* End PBXVariantGroup section */

/* Begin XCBuildConfiguration section */
		4C6C18E41C5FBEBB004BC666 /* Debug */ = {
			isa = XCBuildConfiguration;
			buildSettings = {
				ALWAYS_SEARCH_USER_PATHS = NO;
				CLANG_CXX_LANGUAGE_STANDARD = "gnu++0x";
				CLANG_CXX_LIBRARY = "libc++";
				CLANG_ENABLE_MODULES = YES;
				CLANG_ENABLE_OBJC_ARC = YES;
				CLANG_WARN_BOOL_CONVERSION = YES;
				CLANG_WARN_CONSTANT_CONVERSION = YES;
				CLANG_WARN_DIRECT_OBJC_ISA_USAGE = YES_ERROR;
				CLANG_WARN_EMPTY_BODY = YES;
				CLANG_WARN_ENUM_CONVERSION = YES;
				CLANG_WARN_INT_CONVERSION = YES;
				CLANG_WARN_OBJC_ROOT_CLASS = YES_ERROR;
				CLANG_WARN_UNREACHABLE_CODE = YES;
				CLANG_WARN__DUPLICATE_METHOD_MATCH = YES;
				"CODE_SIGN_IDENTITY[sdk=iphoneos*]" = "iPhone Developer";
				COPY_PHASE_STRIP = NO;
				DEBUG_INFORMATION_FORMAT = dwarf;
				ENABLE_STRICT_OBJC_MSGSEND = YES;
				ENABLE_TESTABILITY = YES;
				GCC_C_LANGUAGE_STANDARD = gnu99;
				GCC_DYNAMIC_NO_PIC = NO;
				GCC_NO_COMMON_BLOCKS = YES;
				GCC_OPTIMIZATION_LEVEL = 0;
				GCC_PREPROCESSOR_DEFINITIONS = (
					"DEBUG=1",
					"$(inherited)",
				);
				GCC_WARN_64_TO_32_BIT_CONVERSION = YES;
				GCC_WARN_ABOUT_RETURN_TYPE = YES_ERROR;
				GCC_WARN_UNDECLARED_SELECTOR = YES;
				GCC_WARN_UNINITIALIZED_AUTOS = YES_AGGRESSIVE;
				GCC_WARN_UNUSED_FUNCTION = YES;
				GCC_WARN_UNUSED_VARIABLE = YES;
				IPHONEOS_DEPLOYMENT_TARGET = 9.2;
				MTL_ENABLE_DEBUG_INFO = YES;
				ONLY_ACTIVE_ARCH = YES;
				SDKROOT = iphoneos;
				SWIFT_OPTIMIZATION_LEVEL = "-Onone";
			};
			name = Debug;
		};
		4C6C18E51C5FBEBB004BC666 /* Release */ = {
			isa = XCBuildConfiguration;
			buildSettings = {
				ALWAYS_SEARCH_USER_PATHS = NO;
				CLANG_CXX_LANGUAGE_STANDARD = "gnu++0x";
				CLANG_CXX_LIBRARY = "libc++";
				CLANG_ENABLE_MODULES = YES;
				CLANG_ENABLE_OBJC_ARC = YES;
				CLANG_WARN_BOOL_CONVERSION = YES;
				CLANG_WARN_CONSTANT_CONVERSION = YES;
				CLANG_WARN_DIRECT_OBJC_ISA_USAGE = YES_ERROR;
				CLANG_WARN_EMPTY_BODY = YES;
				CLANG_WARN_ENUM_CONVERSION = YES;
				CLANG_WARN_INT_CONVERSION = YES;
				CLANG_WARN_OBJC_ROOT_CLASS = YES_ERROR;
				CLANG_WARN_UNREACHABLE_CODE = YES;
				CLANG_WARN__DUPLICATE_METHOD_MATCH = YES;
				"CODE_SIGN_IDENTITY[sdk=iphoneos*]" = "iPhone Developer";
				COPY_PHASE_STRIP = NO;
				DEBUG_INFORMATION_FORMAT = "dwarf-with-dsym";
				ENABLE_NS_ASSERTIONS = NO;
				ENABLE_STRICT_OBJC_MSGSEND = YES;
				GCC_C_LANGUAGE_STANDARD = gnu99;
				GCC_NO_COMMON_BLOCKS = YES;
				GCC_WARN_64_TO_32_BIT_CONVERSION = YES;
				GCC_WARN_ABOUT_RETURN_TYPE = YES_ERROR;
				GCC_WARN_UNDECLARED_SELECTOR = YES;
				GCC_WARN_UNINITIALIZED_AUTOS = YES_AGGRESSIVE;
				GCC_WARN_UNUSED_FUNCTION = YES;
				GCC_WARN_UNUSED_VARIABLE = YES;
				IPHONEOS_DEPLOYMENT_TARGET = 9.2;
				MTL_ENABLE_DEBUG_INFO = NO;
				SDKROOT = iphoneos;
				VALIDATE_PRODUCT = YES;
			};
			name = Release;
		};
		4C6C18E71C5FBEBB004BC666 /* Debug */ = {
			isa = XCBuildConfiguration;
			buildSettings = {
				ASSETCATALOG_COMPILER_APPICON_NAME = AppIcon;
				INFOPLIST_FILE = SuperHeroPedia/Info.plist;
				LD_RUNPATH_SEARCH_PATHS = "$(inherited) @executable_path/Frameworks";
				PRODUCT_BUNDLE_IDENTIFIER = com.jonathankilgore.SuperHeroPedia;
				PRODUCT_NAME = "$(TARGET_NAME)";
			};
			name = Debug;
		};
		4C6C18E81C5FBEBB004BC666 /* Release */ = {
			isa = XCBuildConfiguration;
			buildSettings = {
				ASSETCATALOG_COMPILER_APPICON_NAME = AppIcon;
				INFOPLIST_FILE = SuperHeroPedia/Info.plist;
				LD_RUNPATH_SEARCH_PATHS = "$(inherited) @executable_path/Frameworks";
				PRODUCT_BUNDLE_IDENTIFIER = com.jonathankilgore.SuperHeroPedia;
				PRODUCT_NAME = "$(TARGET_NAME)";
			};
			name = Release;
		};
/* End XCBuildConfiguration section */

/* Begin XCConfigurationList section */
		4C6C18CF1C5FBEBB004BC666 /* Build configuration list for PBXProject "SuperHeroPedia" */ = {
			isa = XCConfigurationList;
			buildConfigurations = (
				4C6C18E41C5FBEBB004BC666 /* Debug */,
				4C6C18E51C5FBEBB004BC666 /* Release */,
			);
			defaultConfigurationIsVisible = 0;
			defaultConfigurationName = Release;
		};
		4C6C18E61C5FBEBB004BC666 /* Build configuration list for PBXNativeTarget "SuperHeroPedia" */ = {
			isa = XCConfigurationList;
			buildConfigurations = (
				4C6C18E71C5FBEBB004BC666 /* Debug */,
				4C6C18E81C5FBEBB004BC666 /* Release */,
			);
			defaultConfigurationIsVisible = 0;
		};
/* End XCConfigurationList section */
	};
	rootObject = 4C6C18CC1C5FBEBB004BC666 /* Project object */;
}
